
Microsoft Visual Studio Solution File, Format Version 12.00
# Visual Studio Version 16
VisualStudioVersion = 16.0.31129.286
MinimumVisualStudioVersion = 10.0.40219.1
Project("{FAE04EC0-301F-11D3-BF4B-00C04F79EFBC}") = "TransMe", "TransMe\TransMe.csproj", "{19D25010-7DD6-4394-B072-941D0E8F27F5}"
EndProject
Global
	GlobalSection(SolutionConfigurationPlatforms) = preSolution
		Debug|Any CPU = Debug|Any CPU
		Release|Any CPU = Release|Any CPU
	EndGlobalSection
	GlobalSection(ProjectConfigurationPlatforms) = postSolution
		{19D25010-7DD6-4394-B072-941D0E8F27F5}.Debug|Any CPU.ActiveCfg = Debug|Any CPU
		{19D25010-7DD6-4394-B072-941D0E8F27F5}.Debug|Any CPU.Build.0 = Debug|Any CPU
		{19D25010-7DD6-4394-B072-941D0E8F27F5}.Release|Any CPU.ActiveCfg = Release|Any CPU
		{19D25010-7DD6-4394-B072-941D0E8F27F5}.Release|Any CPU.Build.0 = Release|Any CPU
	EndGlobalSection
	GlobalSection(SolutionProperties) = preSolution
		HideSolutionNode = FALSE
	EndGlobalSection
	GlobalSection(ExtensibilityGlobals) = postSolution
		SolutionGuid = {78C510E0-8B06-4442-A812-C4E0484A75B4}
	EndGlobalSection
EndGlobal
